
Microsoft Visual Studio Solution File, Format Version 12.00
# Visual Studio Version 16
VisualStudioVersion = 16.0.30413.136
MinimumVisualStudioVersion = 10.0.40219.1
Project("{FAE04EC0-301F-11D3-BF4B-00C04F79EFBC}") = "Homework6ConsoleApp", "Homework6ConsoleApp\Homework6ConsoleApp.csproj", "{0B6A1AF5-AB7A-4244-97B4-8DDA80886E6F}"
EndProject
Project("{FAE04EC0-301F-11D3-BF4B-00C04F79EFBC}") = "Homework6ClassLibrary", "Homework6ClassLibrary\Homework6ClassLibrary.csproj", "{A38F07D7-453B-42B2-9D3D-9720B548CFF2}"
EndProject
Global
	GlobalSection(SolutionConfigurationPlatforms) = preSolution
		Debug|Any CPU = Debug|Any CPU
		Release|Any CPU = Release|Any CPU
	EndGlobalSection
	GlobalSection(ProjectConfigurationPlatforms) = postSolution
		{0B6A1AF5-AB7A-4244-97B4-8DDA80886E6F}.Debug|Any CPU.ActiveCfg = Debug|Any CPU
		{0B6A1AF5-AB7A-4244-97B4-8DDA80886E6F}.Debug|Any CPU.Build.0 = Debug|Any CPU
		{0B6A1AF5-AB7A-4244-97B4-8DDA80886E6F}.Release|Any CPU.ActiveCfg = Release|Any CPU
		{0B6A1AF5-AB7A-4244-97B4-8DDA80886E6F}.Release|Any CPU.Build.0 = Release|Any CPU
		{A38F07D7-453B-42B2-9D3D-9720B548CFF2}.Debug|Any CPU.ActiveCfg = Debug|Any CPU
		{A38F07D7-453B-42B2-9D3D-9720B548CFF2}.Debug|Any CPU.Build.0 = Debug|Any CPU
		{A38F07D7-453B-42B2-9D3D-9720B548CFF2}.Release|Any CPU.ActiveCfg = Release|Any CPU
		{A38F07D7-453B-42B2-9D3D-9720B548CFF2}.Release|Any CPU.Build.0 = Release|Any CPU
	EndGlobalSection
	GlobalSection(SolutionProperties) = preSolution
		HideSolutionNode = FALSE
	EndGlobalSection
	GlobalSection(ExtensibilityGlobals) = postSolution
		SolutionGuid = {3D303F4C-AF0E-4A0C-8003-493F87207717}
	EndGlobalSection
EndGlobal
